
Microsoft Visual Studio Solution File, Format Version 12.00
Project("{FAE04EC0-301F-11D3-BF4B-00C04F79EFBC}") = "TimberApi", "TimberApi\TimberApi.csproj", "{FCD68CD4-2C29-4D4D-BAD9-4F3557E9184E}"
EndProject
Project("{FAE04EC0-301F-11D3-BF4B-00C04F79EFBC}") = "TimberApi.EntityLinkerSystem", "TimberApi.EntityLinkerSystem\TimberApi.EntityLinkerSystem.csproj", "{050BA3CB-21E1-4EB7-B2E2-31C9C9ED70FF}"
EndProject
Project("{FAE04EC0-301F-11D3-BF4B-00C04F79EFBC}") = "TimberApi.ObjectSelectionSystem", "TimberApi.ObjectSelectionSystem\TimberApi.ObjectSelectionSystem.csproj", "{DAA5A12F-9CF7-43ED-8DFB-6CFB0BCEC976}"
EndProject
Project("{FAE04EC0-301F-11D3-BF4B-00C04F79EFBC}") = "TimberApi.UIBuilderSystem", "TimberApi.UIBuilderSystem\TimberApi.UIBuilderSystem.csproj", "{375DBE2B-3361-4EBD-939E-8CE04A8482F5}"
EndProject
Project("{2150E333-8FDC-42A3-9474-1A3956D46DE8}") = "Src", "Src", "{0DA10803-225A-45AA-9FF7-5136941817FC}"
EndProject
Project("{2150E333-8FDC-42A3-9474-1A3956D46DE8}") = "Package", "Package", "{5B81753F-6FBA-4061-BDF6-F3709FDB4FBA}"
	ProjectSection(SolutionItems) = preProject
		package\manifest.json = package\manifest.json
		package\workshop_data.json = package\workshop_data.json
		package\thumbnail.png = package\thumbnail.png
	EndProjectSection
EndProject
Project("{2150E333-8FDC-42A3-9474-1A3956D46DE8}") = "Docs", "Docs", "{41EF4C9F-9EAA-487A-B8D2-248225CC70E4}"
	ProjectSection(SolutionItems) = preProject
		CHANGELOG.md = CHANGELOG.md
		README.md = README.md
	EndProjectSection
EndProject
Project("{2150E333-8FDC-42A3-9474-1A3956D46DE8}") = "Debug", "Debug", "{DCEA2668-0A15-4986-862A-5A8458574661}"
EndProject
Project("{FAE04EC0-301F-11D3-BF4B-00C04F79EFBC}") = "AutoModStarter", "AutoModStarter\AutoModStarter.csproj", "{7B795429-D8F9-49B7-B28F-083CF839B738}"
EndProject
Project("{2150E333-8FDC-42A3-9474-1A3956D46DE8}") = "Core", "Core", "{30EB8048-C5F7-4B3D-8772-35254DE86CC9}"
EndProject
Project("{2150E333-8FDC-42A3-9474-1A3956D46DE8}") = "Tools", "Tools", "{A2296ABE-3AC0-4925-AAAE-5307D9B8BA9B}"
EndProject
Project("{FAE04EC0-301F-11D3-BF4B-00C04F79EFBC}") = "TimberApi.BottomBarSystem", "TimberApi.BottomBarSystem\TimberApi.BottomBarSystem.csproj", "{AB5C2FE8-9552-4E22-AEDE-742CADFED531}"
EndProject
Project("{FAE04EC0-301F-11D3-BF4B-00C04F79EFBC}") = "TimberApi.Tools", "TimberApi.Tools\TimberApi.Tools.csproj", "{6D1AE96F-26BD-4870-A397-DCD1AABD9070}"
EndProject
Project("{FAE04EC0-301F-11D3-BF4B-00C04F79EFBC}") = "Tester", "Tester\Tester.csproj", "{785A7148-1F49-41D2-9C70-335D744A2AB4}"
EndProject
Project("{2150E333-8FDC-42A3-9474-1A3956D46DE8}") = "specifications", "specifications", "{BCD7F0BE-DD6E-4C57-936A-4F25E8898C96}"
EndProject
Project("{FAE04EC0-301F-11D3-BF4B-00C04F79EFBC}") = "TimberApi.SpecificationSystem", "TimberApi.SpecificationSystem\TimberApi.SpecificationSystem.csproj", "{B22111AD-AB44-43BA-8BB0-95B0D82BA82D}"
EndProject
Project("{FAE04EC0-301F-11D3-BF4B-00C04F79EFBC}") = "BluePrint", "BluePrint\BluePrint.csproj", "{E92B2C4A-4E3F-400F-8F5B-3383990D7B5D}"
EndProject
Global
	GlobalSection(SolutionConfigurationPlatforms) = preSolution
		Debug|Any CPU = Debug|Any CPU
		Release|Any CPU = Release|Any CPU
	EndGlobalSection
	GlobalSection(ProjectConfigurationPlatforms) = postSolution
		{FCD68CD4-2C29-4D4D-BAD9-4F3557E9184E}.Debug|Any CPU.ActiveCfg = Debug|Any CPU
		{FCD68CD4-2C29-4D4D-BAD9-4F3557E9184E}.Debug|Any CPU.Build.0 = Debug|Any CPU
		{FCD68CD4-2C29-4D4D-BAD9-4F3557E9184E}.Release|Any CPU.ActiveCfg = Release|Any CPU
		{FCD68CD4-2C29-4D4D-BAD9-4F3557E9184E}.Release|Any CPU.Build.0 = Release|Any CPU
		{050BA3CB-21E1-4EB7-B2E2-31C9C9ED70FF}.Debug|Any CPU.ActiveCfg = Debug|Any CPU
		{050BA3CB-21E1-4EB7-B2E2-31C9C9ED70FF}.Debug|Any CPU.Build.0 = Debug|Any CPU
		{050BA3CB-21E1-4EB7-B2E2-31C9C9ED70FF}.Release|Any CPU.ActiveCfg = Release|Any CPU
		{050BA3CB-21E1-4EB7-B2E2-31C9C9ED70FF}.Release|Any CPU.Build.0 = Release|Any CPU
		{DAA5A12F-9CF7-43ED-8DFB-6CFB0BCEC976}.Debug|Any CPU.ActiveCfg = Debug|Any CPU
		{DAA5A12F-9CF7-43ED-8DFB-6CFB0BCEC976}.Debug|Any CPU.Build.0 = Debug|Any CPU
		{DAA5A12F-9CF7-43ED-8DFB-6CFB0BCEC976}.Release|Any CPU.ActiveCfg = Release|Any CPU
		{DAA5A12F-9CF7-43ED-8DFB-6CFB0BCEC976}.Release|Any CPU.Build.0 = Release|Any CPU
		{375DBE2B-3361-4EBD-939E-8CE04A8482F5}.Debug|Any CPU.ActiveCfg = Debug|Any CPU
		{375DBE2B-3361-4EBD-939E-8CE04A8482F5}.Debug|Any CPU.Build.0 = Debug|Any CPU
		{375DBE2B-3361-4EBD-939E-8CE04A8482F5}.Release|Any CPU.ActiveCfg = Release|Any CPU
		{375DBE2B-3361-4EBD-939E-8CE04A8482F5}.Release|Any CPU.Build.0 = Release|Any CPU
		{7B795429-D8F9-49B7-B28F-083CF839B738}.Debug|Any CPU.ActiveCfg = Debug|Any CPU
		{7B795429-D8F9-49B7-B28F-083CF839B738}.Debug|Any CPU.Build.0 = Debug|Any CPU
		{7B795429-D8F9-49B7-B28F-083CF839B738}.Release|Any CPU.ActiveCfg = Release|Any CPU
		{7B795429-D8F9-49B7-B28F-083CF839B738}.Release|Any CPU.Build.0 = Release|Any CPU
		{AB5C2FE8-9552-4E22-AEDE-742CADFED531}.Debug|Any CPU.ActiveCfg = Debug|Any CPU
		{AB5C2FE8-9552-4E22-AEDE-742CADFED531}.Debug|Any CPU.Build.0 = Debug|Any CPU
		{AB5C2FE8-9552-4E22-AEDE-742CADFED531}.Release|Any CPU.ActiveCfg = Release|Any CPU
		{AB5C2FE8-9552-4E22-AEDE-742CADFED531}.Release|Any CPU.Build.0 = Release|Any CPU
		{6D1AE96F-26BD-4870-A397-DCD1AABD9070}.Debug|Any CPU.ActiveCfg = Debug|Any CPU
		{6D1AE96F-26BD-4870-A397-DCD1AABD9070}.Debug|Any CPU.Build.0 = Debug|Any CPU
		{6D1AE96F-26BD-4870-A397-DCD1AABD9070}.Release|Any CPU.ActiveCfg = Release|Any CPU
		{6D1AE96F-26BD-4870-A397-DCD1AABD9070}.Release|Any CPU.Build.0 = Release|Any CPU
		{785A7148-1F49-41D2-9C70-335D744A2AB4}.Debug|Any CPU.ActiveCfg = Debug|Any CPU
		{785A7148-1F49-41D2-9C70-335D744A2AB4}.Debug|Any CPU.Build.0 = Debug|Any CPU
		{785A7148-1F49-41D2-9C70-335D744A2AB4}.Release|Any CPU.ActiveCfg = Release|Any CPU
		{785A7148-1F49-41D2-9C70-335D744A2AB4}.Release|Any CPU.Build.0 = Release|Any CPU
		{B22111AD-AB44-43BA-8BB0-95B0D82BA82D}.Debug|Any CPU.ActiveCfg = Debug|Any CPU
		{B22111AD-AB44-43BA-8BB0-95B0D82BA82D}.Debug|Any CPU.Build.0 = Debug|Any CPU
		{B22111AD-AB44-43BA-8BB0-95B0D82BA82D}.Release|Any CPU.ActiveCfg = Release|Any CPU
		{B22111AD-AB44-43BA-8BB0-95B0D82BA82D}.Release|Any CPU.Build.0 = Release|Any CPU
		{E92B2C4A-4E3F-400F-8F5B-3383990D7B5D}.Debug|Any CPU.ActiveCfg = Debug|Any CPU
		{E92B2C4A-4E3F-400F-8F5B-3383990D7B5D}.Debug|Any CPU.Build.0 = Debug|Any CPU
		{E92B2C4A-4E3F-400F-8F5B-3383990D7B5D}.Release|Any CPU.ActiveCfg = Release|Any CPU
		{E92B2C4A-4E3F-400F-8F5B-3383990D7B5D}.Release|Any CPU.Build.0 = Release|Any CPU
	EndGlobalSection
	GlobalSection(NestedProjects) = preSolution
		{FCD68CD4-2C29-4D4D-BAD9-4F3557E9184E} = {0DA10803-225A-45AA-9FF7-5136941817FC}
		{050BA3CB-21E1-4EB7-B2E2-31C9C9ED70FF} = {0DA10803-225A-45AA-9FF7-5136941817FC}
		{DAA5A12F-9CF7-43ED-8DFB-6CFB0BCEC976} = {0DA10803-225A-45AA-9FF7-5136941817FC}
		{375DBE2B-3361-4EBD-939E-8CE04A8482F5} = {0DA10803-225A-45AA-9FF7-5136941817FC}
		{7B795429-D8F9-49B7-B28F-083CF839B738} = {DCEA2668-0A15-4986-862A-5A8458574661}
		{30EB8048-C5F7-4B3D-8772-35254DE86CC9} = {0DA10803-225A-45AA-9FF7-5136941817FC}
		{A2296ABE-3AC0-4925-AAAE-5307D9B8BA9B} = {0DA10803-225A-45AA-9FF7-5136941817FC}
		{AB5C2FE8-9552-4E22-AEDE-742CADFED531} = {A2296ABE-3AC0-4925-AAAE-5307D9B8BA9B}
		{6D1AE96F-26BD-4870-A397-DCD1AABD9070} = {A2296ABE-3AC0-4925-AAAE-5307D9B8BA9B}
		{785A7148-1F49-41D2-9C70-335D744A2AB4} = {DCEA2668-0A15-4986-862A-5A8458574661}
		{BCD7F0BE-DD6E-4C57-936A-4F25E8898C96} = {5B81753F-6FBA-4061-BDF6-F3709FDB4FBA}
		{B22111AD-AB44-43BA-8BB0-95B0D82BA82D} = {0DA10803-225A-45AA-9FF7-5136941817FC}
		{E92B2C4A-4E3F-400F-8F5B-3383990D7B5D} = {DCEA2668-0A15-4986-862A-5A8458574661}
	EndGlobalSection
EndGlobal
