
Microsoft Visual Studio Solution File, Format Version 12.00
# Visual Studio Version 17
VisualStudioVersion = 17.2.32616.157
MinimumVisualStudioVersion = 10.0.40219.1
Project("{9A19103F-16F7-4668-BE54-9A1E7A4F7556}") = "TimberApi", "Core\TimberApi\TimberApi.csproj", "{465DE2B9-3531-4592-B158-837FEDC35D16}"
EndProject
Project("{2150E333-8FDC-42A3-9474-1A3956D46DE8}") = "Loaders", "Loaders", "{D914C445-F4DC-415F-94F1-C0B4E89D8157}"
EndProject
Project("{2150E333-8FDC-42A3-9474-1A3956D46DE8}") = "Examples", "Examples", "{A37E4A86-5068-4E66-A660-10C34660E66E}"
EndProject
Project("{9A19103F-16F7-4668-BE54-9A1E7A4F7556}") = "TimberApi.Doorstop.Loader", "Loaders\TimberApi.Doorstop.Loader\TimberApi.Doorstop.Loader.csproj", "{6A1204E3-AD24-4BF7-A9F0-DCBDD0C81BA5}"
EndProject
Project("{2150E333-8FDC-42A3-9474-1A3956D46DE8}") = "Core", "Core", "{E3D7F842-4203-4D91-891A-E99B662DF831}"
EndProject
Project("{9A19103F-16F7-4668-BE54-9A1E7A4F7556}") = "TimberApi.Core", "Core\TimberApi.Core\TimberApi.Core.csproj", "{DDA33927-1DDF-4027-9E5C-FF2DF61C145E}"
EndProject
Project("{9A19103F-16F7-4668-BE54-9A1E7A4F7556}") = "TimberApi.BepInEx.Plugin.Loader", "Loaders\TimberApi.BepInEx.Plugin.Loader\TimberApi.BepInEx.Plugin.Loader.csproj", "{34F837B8-1AA9-4159-BE2A-39BB10F63608}"
EndProject
Project("{9A19103F-16F7-4668-BE54-9A1E7A4F7556}") = "TimberApi.Common", "Core\TimberApi.Common\TimberApi.Common.csproj", "{7F9DEDAE-5D31-4CC5-8397-ACE084EF6938}"
EndProject
Project("{D954291E-2A0B-460D-934E-DC6B0785DB48}") = "TimberApi.SharedLoader", "Loaders\TimberApi.SharedLoader\TimberApi.SharedLoader.shproj", "{09CC98DD-7A9D-4E56-9CBA-4B3CE3D2B6BF}"
EndProject
Project("{9A19103F-16F7-4668-BE54-9A1E7A4F7556}") = "TimberAPIExample", "Examples\TimberAPIExample.csproj", "{342850DB-A32D-4E1D-B4E5-0E5E811C1E1E}"
EndProject
Global
	GlobalSection(SolutionConfigurationPlatforms) = preSolution
		Debug|Any CPU = Debug|Any CPU
		Default|Any CPU = Default|Any CPU
		Release|Any CPU = Release|Any CPU
	EndGlobalSection
	GlobalSection(ProjectConfigurationPlatforms) = postSolution
		{465DE2B9-3531-4592-B158-837FEDC35D16}.Debug|Any CPU.ActiveCfg = Debug|Any CPU
		{465DE2B9-3531-4592-B158-837FEDC35D16}.Debug|Any CPU.Build.0 = Debug|Any CPU
		{465DE2B9-3531-4592-B158-837FEDC35D16}.Default|Any CPU.ActiveCfg = Debug|Any CPU
		{465DE2B9-3531-4592-B158-837FEDC35D16}.Default|Any CPU.Build.0 = Debug|Any CPU
		{465DE2B9-3531-4592-B158-837FEDC35D16}.Release|Any CPU.ActiveCfg = Release|Any CPU
		{465DE2B9-3531-4592-B158-837FEDC35D16}.Release|Any CPU.Build.0 = Release|Any CPU
		{6A1204E3-AD24-4BF7-A9F0-DCBDD0C81BA5}.Debug|Any CPU.ActiveCfg = Debug|Any CPU
		{6A1204E3-AD24-4BF7-A9F0-DCBDD0C81BA5}.Debug|Any CPU.Build.0 = Debug|Any CPU
		{6A1204E3-AD24-4BF7-A9F0-DCBDD0C81BA5}.Default|Any CPU.ActiveCfg = Debug|Any CPU
		{6A1204E3-AD24-4BF7-A9F0-DCBDD0C81BA5}.Default|Any CPU.Build.0 = Debug|Any CPU
		{6A1204E3-AD24-4BF7-A9F0-DCBDD0C81BA5}.Release|Any CPU.ActiveCfg = Release|Any CPU
		{6A1204E3-AD24-4BF7-A9F0-DCBDD0C81BA5}.Release|Any CPU.Build.0 = Release|Any CPU
		{DDA33927-1DDF-4027-9E5C-FF2DF61C145E}.Debug|Any CPU.ActiveCfg = Debug|Any CPU
		{DDA33927-1DDF-4027-9E5C-FF2DF61C145E}.Debug|Any CPU.Build.0 = Debug|Any CPU
		{DDA33927-1DDF-4027-9E5C-FF2DF61C145E}.Default|Any CPU.ActiveCfg = Debug|Any CPU
		{DDA33927-1DDF-4027-9E5C-FF2DF61C145E}.Default|Any CPU.Build.0 = Debug|Any CPU
		{DDA33927-1DDF-4027-9E5C-FF2DF61C145E}.Release|Any CPU.ActiveCfg = Release|Any CPU
		{DDA33927-1DDF-4027-9E5C-FF2DF61C145E}.Release|Any CPU.Build.0 = Release|Any CPU
		{34F837B8-1AA9-4159-BE2A-39BB10F63608}.Debug|Any CPU.ActiveCfg = Debug|Any CPU
		{34F837B8-1AA9-4159-BE2A-39BB10F63608}.Debug|Any CPU.Build.0 = Debug|Any CPU
		{34F837B8-1AA9-4159-BE2A-39BB10F63608}.Default|Any CPU.ActiveCfg = Debug|Any CPU
		{34F837B8-1AA9-4159-BE2A-39BB10F63608}.Default|Any CPU.Build.0 = Debug|Any CPU
		{34F837B8-1AA9-4159-BE2A-39BB10F63608}.Release|Any CPU.ActiveCfg = Release|Any CPU
		{34F837B8-1AA9-4159-BE2A-39BB10F63608}.Release|Any CPU.Build.0 = Release|Any CPU
		{7F9DEDAE-5D31-4CC5-8397-ACE084EF6938}.Debug|Any CPU.ActiveCfg = Debug|Any CPU
		{7F9DEDAE-5D31-4CC5-8397-ACE084EF6938}.Debug|Any CPU.Build.0 = Debug|Any CPU
		{7F9DEDAE-5D31-4CC5-8397-ACE084EF6938}.Default|Any CPU.ActiveCfg = Debug|Any CPU
		{7F9DEDAE-5D31-4CC5-8397-ACE084EF6938}.Default|Any CPU.Build.0 = Debug|Any CPU
		{7F9DEDAE-5D31-4CC5-8397-ACE084EF6938}.Release|Any CPU.ActiveCfg = Release|Any CPU
		{7F9DEDAE-5D31-4CC5-8397-ACE084EF6938}.Release|Any CPU.Build.0 = Release|Any CPU
		{342850DB-A32D-4E1D-B4E5-0E5E811C1E1E}.Debug|Any CPU.ActiveCfg = Debug|Any CPU
		{342850DB-A32D-4E1D-B4E5-0E5E811C1E1E}.Default|Any CPU.ActiveCfg = Debug|Any CPU
		{342850DB-A32D-4E1D-B4E5-0E5E811C1E1E}.Default|Any CPU.Build.0 = Debug|Any CPU
		{342850DB-A32D-4E1D-B4E5-0E5E811C1E1E}.Release|Any CPU.ActiveCfg = Release|Any CPU
		{342850DB-A32D-4E1D-B4E5-0E5E811C1E1E}.Release|Any CPU.Build.0 = Release|Any CPU
	EndGlobalSection
	GlobalSection(SolutionProperties) = preSolution
		HideSolutionNode = FALSE
	EndGlobalSection
	GlobalSection(NestedProjects) = preSolution
		{465DE2B9-3531-4592-B158-837FEDC35D16} = {E3D7F842-4203-4D91-891A-E99B662DF831}
		{6A1204E3-AD24-4BF7-A9F0-DCBDD0C81BA5} = {D914C445-F4DC-415F-94F1-C0B4E89D8157}
		{DDA33927-1DDF-4027-9E5C-FF2DF61C145E} = {E3D7F842-4203-4D91-891A-E99B662DF831}
		{34F837B8-1AA9-4159-BE2A-39BB10F63608} = {D914C445-F4DC-415F-94F1-C0B4E89D8157}
		{7F9DEDAE-5D31-4CC5-8397-ACE084EF6938} = {E3D7F842-4203-4D91-891A-E99B662DF831}
		{09CC98DD-7A9D-4E56-9CBA-4B3CE3D2B6BF} = {D914C445-F4DC-415F-94F1-C0B4E89D8157}
		{342850DB-A32D-4E1D-B4E5-0E5E811C1E1E} = {A37E4A86-5068-4E66-A660-10C34660E66E}
	EndGlobalSection
	GlobalSection(ExtensibilityGlobals) = postSolution
		SolutionGuid = {63F8DD95-B36E-453C-B23B-D898ED1A3E27}
	EndGlobalSection
	GlobalSection(SharedMSBuildProjectFiles) = preSolution
		Loaders\TimberApi.SharedLoader\TimberApi.SharedLoader.projitems*{09cc98dd-7a9d-4e56-9cba-4b3ce3d2b6bf}*SharedItemsImports = 13
		Loaders\TimberApi.SharedLoader\TimberApi.SharedLoader.projitems*{34f837b8-1aa9-4159-be2a-39bb10f63608}*SharedItemsImports = 5
		Loaders\TimberApi.SharedLoader\TimberApi.SharedLoader.projitems*{6a1204e3-ad24-4bf7-a9f0-dcbdd0c81ba5}*SharedItemsImports = 5
	EndGlobalSection
	GlobalSection(MonoDevelopProperties) = preSolution
		version = 0.5.1
	EndGlobalSection
EndGlobal
