
Microsoft Visual Studio Solution File, Format Version 12.00
Project("{FAE04EC0-301F-11D3-BF4B-00C04F79EFBC}") = "TimberApi", "TimberApi\TimberApi.csproj", "{FCD68CD4-2C29-4D4D-BAD9-4F3557E9184E}"
EndProject
Project("{FAE04EC0-301F-11D3-BF4B-00C04F79EFBC}") = "TimberApi.EntityLinkerSystem", "TimberApi.EntityLinkerSystem\TimberApi.EntityLinkerSystem.csproj", "{050BA3CB-21E1-4EB7-B2E2-31C9C9ED70FF}"
EndProject
Project("{FAE04EC0-301F-11D3-BF4B-00C04F79EFBC}") = "TimberApi.ObjectSelectionSystem", "TimberApi.ObjectSelectionSystem\TimberApi.ObjectSelectionSystem.csproj", "{DAA5A12F-9CF7-43ED-8DFB-6CFB0BCEC976}"
EndProject
Project("{FAE04EC0-301F-11D3-BF4B-00C04F79EFBC}") = "TimberApi.UIBuilderSystem", "TimberApi.UIBuilderSystem\TimberApi.UIBuilderSystem.csproj", "{375DBE2B-3361-4EBD-939E-8CE04A8482F5}"
EndProject
Project("{2150E333-8FDC-42A3-9474-1A3956D46DE8}") = "src", "src", "{0DA10803-225A-45AA-9FF7-5136941817FC}"
EndProject
Project("{2150E333-8FDC-42A3-9474-1A3956D46DE8}") = "package", "package", "{5B81753F-6FBA-4061-BDF6-F3709FDB4FBA}"
	ProjectSection(SolutionItems) = preProject
		package\manifest.json = package\manifest.json
		package\manifest.ci.json = package\manifest.ci.json
	EndProjectSection
EndProject
Project("{2150E333-8FDC-42A3-9474-1A3956D46DE8}") = "docs", "docs", "{41EF4C9F-9EAA-487A-B8D2-248225CC70E4}"
	ProjectSection(SolutionItems) = preProject
		CHANGELOG.md = CHANGELOG.md
		README.md = README.md
	EndProjectSection
EndProject
Project("{2150E333-8FDC-42A3-9474-1A3956D46DE8}") = "debug", "debug", "{DCEA2668-0A15-4986-862A-5A8458574661}"
EndProject
Project("{FAE04EC0-301F-11D3-BF4B-00C04F79EFBC}") = "AutoModStarter", "AutoModStarter\AutoModStarter.csproj", "{7B795429-D8F9-49B7-B28F-083CF839B738}"
EndProject
Global
	GlobalSection(SolutionConfigurationPlatforms) = preSolution
		Debug|Any CPU = Debug|Any CPU
		Release|Any CPU = Release|Any CPU
	EndGlobalSection
	GlobalSection(ProjectConfigurationPlatforms) = postSolution
		{FCD68CD4-2C29-4D4D-BAD9-4F3557E9184E}.Debug|Any CPU.ActiveCfg = Debug|Any CPU
		{FCD68CD4-2C29-4D4D-BAD9-4F3557E9184E}.Debug|Any CPU.Build.0 = Debug|Any CPU
		{FCD68CD4-2C29-4D4D-BAD9-4F3557E9184E}.Release|Any CPU.ActiveCfg = Release|Any CPU
		{FCD68CD4-2C29-4D4D-BAD9-4F3557E9184E}.Release|Any CPU.Build.0 = Release|Any CPU
		{050BA3CB-21E1-4EB7-B2E2-31C9C9ED70FF}.Debug|Any CPU.ActiveCfg = Debug|Any CPU
		{050BA3CB-21E1-4EB7-B2E2-31C9C9ED70FF}.Debug|Any CPU.Build.0 = Debug|Any CPU
		{050BA3CB-21E1-4EB7-B2E2-31C9C9ED70FF}.Release|Any CPU.ActiveCfg = Release|Any CPU
		{050BA3CB-21E1-4EB7-B2E2-31C9C9ED70FF}.Release|Any CPU.Build.0 = Release|Any CPU
		{DAA5A12F-9CF7-43ED-8DFB-6CFB0BCEC976}.Debug|Any CPU.ActiveCfg = Debug|Any CPU
		{DAA5A12F-9CF7-43ED-8DFB-6CFB0BCEC976}.Debug|Any CPU.Build.0 = Debug|Any CPU
		{DAA5A12F-9CF7-43ED-8DFB-6CFB0BCEC976}.Release|Any CPU.ActiveCfg = Release|Any CPU
		{DAA5A12F-9CF7-43ED-8DFB-6CFB0BCEC976}.Release|Any CPU.Build.0 = Release|Any CPU
		{375DBE2B-3361-4EBD-939E-8CE04A8482F5}.Debug|Any CPU.ActiveCfg = Debug|Any CPU
		{375DBE2B-3361-4EBD-939E-8CE04A8482F5}.Debug|Any CPU.Build.0 = Debug|Any CPU
		{375DBE2B-3361-4EBD-939E-8CE04A8482F5}.Release|Any CPU.ActiveCfg = Release|Any CPU
		{375DBE2B-3361-4EBD-939E-8CE04A8482F5}.Release|Any CPU.Build.0 = Release|Any CPU
		{7B795429-D8F9-49B7-B28F-083CF839B738}.Debug|Any CPU.ActiveCfg = Debug|Any CPU
		{7B795429-D8F9-49B7-B28F-083CF839B738}.Debug|Any CPU.Build.0 = Debug|Any CPU
		{7B795429-D8F9-49B7-B28F-083CF839B738}.Release|Any CPU.ActiveCfg = Release|Any CPU
		{7B795429-D8F9-49B7-B28F-083CF839B738}.Release|Any CPU.Build.0 = Release|Any CPU
	EndGlobalSection
	GlobalSection(NestedProjects) = preSolution
		{FCD68CD4-2C29-4D4D-BAD9-4F3557E9184E} = {0DA10803-225A-45AA-9FF7-5136941817FC}
		{050BA3CB-21E1-4EB7-B2E2-31C9C9ED70FF} = {0DA10803-225A-45AA-9FF7-5136941817FC}
		{DAA5A12F-9CF7-43ED-8DFB-6CFB0BCEC976} = {0DA10803-225A-45AA-9FF7-5136941817FC}
		{375DBE2B-3361-4EBD-939E-8CE04A8482F5} = {0DA10803-225A-45AA-9FF7-5136941817FC}
		{7B795429-D8F9-49B7-B28F-083CF839B738} = {DCEA2668-0A15-4986-862A-5A8458574661}
	EndGlobalSection
EndGlobal
